{
    "_meta": {
        "hash": {
            "sha256": "0c7480de22fddf7ac9345fbc2093506da6fb8985231117b6e7e451d2f03ec415"
        },
        "pipfile-spec": 6,
        "requires": {
            "python_version": "3.12"
        },
        "sources": [
            {
                "name": "pypi",
                "url": "https://pypi.org/simple",
                "verify_ssl": true
            }
        ]
    },
    "default": {
        "et-xmlfile": {
            "hashes": [
                "sha256:8eb9e2bc2f8c97e37a2dc85a09ecdcdec9d8a396530a6d5a33b30b9a92da0c5c",
                "sha256:a2ba85d1d6a74ef63837eed693bcb89c3f752169b0e3e7ae5b16ca5e1b3deada"
            ],
            "markers": "python_version >= '3.6'",
            "version": "==1.1.0"
        },
        "importlib-metadata": {
            "hashes": [
                "sha256:11901fa0c2f97919b288679932bb64febaeacf289d18ac84dd68cb2e74213369",
                "sha256:72e8d4399996132204f9a16dcc751af254a48f8d1b20b9ff0f98d4a8f901e73d"
            ],
            "markers": "python_version >= '3.8'",
            "version": "==8.2.0"
        },
        "openpyxl": {
            "hashes": [
                "sha256:5282c12b107bffeef825f4617dc029afaf41d0ea60823bbb665ef3079dc79de2",
                "sha256:cf0e3cf56142039133628b5acffe8ef0c12bc902d2aadd3e0fe5878dc08d1050"
            ],
            "index": "pypi",
            "markers": "python_version >= '3.8'",
            "version": "==3.1.5"
        },
        "psycopg": {
            "hashes": [
                "sha256:dc8da6dc8729dacacda3cc2f17d2c9397a70a66cf0d2b69c91065d60d5f00cb7",
                "sha256:ece385fb413a37db332f97c49208b36cf030ff02b199d7635ed2fbd378724175"
            ],
            "index": "pypi",
            "markers": "python_version >= '3.8'",
            "version": "==3.2.1"
        },
        "pyside6": {
            "hashes": [
                "sha256:15e7696a09072ee977f6e6179ab1e48184953df8417bcaa83cfadf0b79747242",
                "sha256:602debef9ec159b0db48f83b38a0e43e2dad3961f7d99f708d98620f04e9112b",
                "sha256:6e0acb471535de303f56e3077aa86f53496b4de659b99ecce80520bcee508a63",
                "sha256:f73ae0de77d67f51ca3ce8207b12d3a5fa0107d3d5b6e4aeb3b53ee842b0927a"
            ],
            "index": "pypi",
            "markers": "python_version < '3.13' and python_version >= '3.9'",
            "version": "==6.7.2"
        },
        "pyside6-addons": {
            "hashes": [
                "sha256:22979b1aa09d9cf1d7a86c8a9aa0cb4791d6bd1cc94f96c5b6780c5ef8a9e34e",
                "sha256:90b995efce61058d995c603ea480a9a3054fe8206739dcbc273fc3b53d40650f",
                "sha256:94b9bf6a2a4a7ac671e1776633e50d51326c86f4184f1c6e556f4dd5498fd52a",
                "sha256:ebf549eb25998665d8e4ec24014fbbd37bebc5ecdcb050b34db1e1c03e1bf81d"
            ],
            "markers": "python_version < '3.13' and python_version >= '3.9'",
            "version": "==6.7.2"
        },
        "pyside6-essentials": {
            "hashes": [
                "sha256:0111d5fa8cf826de3ca9d82fed54726cce116d57f454f88a6467578652032d69",
                "sha256:4d13666e796ec140ecfb432c4f3d7baef6dfafc11929985a83b22c0025532fb7",
                "sha256:9135513e1c4c6e2fbb1e4f9afcb3d42e54708b0d9ed870cb3213ea4874cafa1e",
                "sha256:a1a4c09f1e916b9cfe53151fe4a503a6acb1f6621ba28204d1bfe636f80d6780"
            ],
            "markers": "python_version < '3.13' and python_version >= '3.9'",
            "version": "==6.7.2"
        },
        "setuptools": {
            "hashes": [
                "sha256:032d42ee9fb536e33087fb66cac5f840eb9391ed05637b3f2a76a7c8fb477936",
                "sha256:33874fdc59b3188304b2e7c80d9029097ea31627180896fb549c578ceb8a0855"
            ],
            "index": "pypi",
            "markers": "python_version >= '3.8'",
            "version": "==71.1.0"
        },
        "shiboken6": {
            "hashes": [
                "sha256:50c33ac6317b673a1eb97a9abaafccb162c4ba0c9ca658a8e449c49a8aadc379",
                "sha256:70e80737b27cd5d83504b373013b55e70462bd4a27217d919ff9a83958731990",
                "sha256:9024e6afb2af1568ebfc8a5d07e4ff6c8829f40923eeb28901f535463e2b6b65",
                "sha256:98bedf9a15f1d8ba1af3e4d1e7527f7946ce36da541e08074fd9dc9ab5ff1adf"
            ],
            "markers": "python_version < '3.13' and python_version >= '3.9'",
            "version": "==6.7.2"
        },
        "sqlparse": {
            "hashes": [
                "sha256:773dcbf9a5ab44a090f3441e2180efe2560220203dc2f8c0b0fa141e18b505e4",
                "sha256:bb6b4df465655ef332548e24f08e205afc81b9ab86cb1c45657a7ff173a3a00e"
            ],
            "markers": "python_version >= '3.8'",
            "version": "==0.5.1"
        },
        "tabulate": {
            "hashes": [
                "sha256:0095b12bf5966de529c0feb1fa08671671b3368eec77d7ef7ab114be2c068b3c",
                "sha256:024ca478df22e9340661486f85298cff5f6dcdba14f3813e8830015b9ed1948f"
            ],
            "markers": "python_version >= '3.7'",
            "version": "==0.9.0"
        },
        "typing-extensions": {
            "hashes": [
                "sha256:04e5ca0351e0f3f85c6853954072df659d0d13fac324d0072316b67d7794700d",
                "sha256:1a7ead55c7e559dd4dee8856e3a88b41225abfe1ce8df57b7c13915fe121ffb8"
            ],
            "markers": "python_version >= '3.8'",
            "version": "==4.12.2"
        },
        "yoyo-migrations": {
            "hashes": [
                "sha256:27dabe7432859288b0bd771093f593e3dd2ff6dd4e3b8438992a07c9a7154660",
                "sha256:820606a03e262cf1cd4f59e256c28fa446425224d5b82a3d1275fd78178523e4"
            ],
            "index": "pypi",
            "version": "==8.2.0"
        },
        "zipp": {
            "hashes": [
                "sha256:bf1dcf6450f873a13e952a29504887c89e6de7506209e5b1bcc3460135d4de19",
                "sha256:f091755f667055f2d02b32c53771a7a6c8b47e1fdbc4b72a8b9072b3eef8015c"
            ],
            "markers": "python_version >= '3.8'",
            "version": "==3.19.2"
        }
    },
    "develop": {}
}
